
Microsoft Visual Studio Solution File, Format Version 12.00
# Visual Studio Version 17
VisualStudioVersion = 17.5.33424.131
MinimumVisualStudioVersion = 10.0.40219.1
Project("{8BC9CEB8-8B4A-11D0-8D11-00A0C91BC942}") = "lab_04_oop", "lab_04_oop.vcxproj", "{F4F0CA0A-6D41-4121-8141-63A46EA037FA}"
EndProject
Project("{8BC9CEB8-8B4A-11D0-8D11-00A0C91BC942}") = "test_lab4", "..\test_lab4\test_lab4.vcxproj", "{3802A2A5-C1A6-45C4-BBFC-C4AFB060BFE7}"
EndProject
Global
	GlobalSection(SolutionConfigurationPlatforms) = preSolution
		Debug|x64 = Debug|x64
		Debug|x86 = Debug|x86
		Release|x64 = Release|x64
		Release|x86 = Release|x86
	EndGlobalSection
	GlobalSection(ProjectConfigurationPlatforms) = postSolution
		{F4F0CA0A-6D41-4121-8141-63A46EA037FA}.Debug|x64.ActiveCfg = Debug|x64
		{F4F0CA0A-6D41-4121-8141-63A46EA037FA}.Debug|x64.Build.0 = Debug|x64
		{F4F0CA0A-6D41-4121-8141-63A46EA037FA}.Debug|x86.ActiveCfg = Debug|Win32
		{F4F0CA0A-6D41-4121-8141-63A46EA037FA}.Debug|x86.Build.0 = Debug|Win32
		{F4F0CA0A-6D41-4121-8141-63A46EA037FA}.Release|x64.ActiveCfg = Release|x64
		{F4F0CA0A-6D41-4121-8141-63A46EA037FA}.Release|x64.Build.0 = Release|x64
		{F4F0CA0A-6D41-4121-8141-63A46EA037FA}.Release|x86.ActiveCfg = Release|Win32
		{F4F0CA0A-6D41-4121-8141-63A46EA037FA}.Release|x86.Build.0 = Release|Win32
		{3802A2A5-C1A6-45C4-BBFC-C4AFB060BFE7}.Debug|x64.ActiveCfg = Debug|x64
		{3802A2A5-C1A6-45C4-BBFC-C4AFB060BFE7}.Debug|x64.Build.0 = Debug|x64
		{3802A2A5-C1A6-45C4-BBFC-C4AFB060BFE7}.Debug|x86.ActiveCfg = Debug|Win32
		{3802A2A5-C1A6-45C4-BBFC-C4AFB060BFE7}.Debug|x86.Build.0 = Debug|Win32
		{3802A2A5-C1A6-45C4-BBFC-C4AFB060BFE7}.Release|x64.ActiveCfg = Release|x64
		{3802A2A5-C1A6-45C4-BBFC-C4AFB060BFE7}.Release|x64.Build.0 = Release|x64
		{3802A2A5-C1A6-45C4-BBFC-C4AFB060BFE7}.Release|x86.ActiveCfg = Release|Win32
		{3802A2A5-C1A6-45C4-BBFC-C4AFB060BFE7}.Release|x86.Build.0 = Release|Win32
	EndGlobalSection
	GlobalSection(SolutionProperties) = preSolution
		HideSolutionNode = FALSE
	EndGlobalSection
	GlobalSection(ExtensibilityGlobals) = postSolution
		SolutionGuid = {609047A0-6DF7-412E-9EFB-E054FA91FA16}
	EndGlobalSection
EndGlobal
