
Microsoft Visual Studio Solution File, Format Version 12.00
# Visual Studio Version 17
VisualStudioVersion = 17.5.33424.131
MinimumVisualStudioVersion = 10.0.40219.1
Project("{8BC9CEB8-8B4A-11D0-8D11-00A0C91BC942}") = "lab_03_oop", "lab_03_oop.vcxproj", "{0EB6ED55-B031-4D30-978F-4F74079B7D0B}"
EndProject
Project("{8BC9CEB8-8B4A-11D0-8D11-00A0C91BC942}") = "lab_3_oop_test", "..\lab_3_oop_test\lab_3_oop_test.vcxproj", "{609BF540-E344-4C0F-B91F-F9FD487F6F41}"
EndProject
Global
	GlobalSection(SolutionConfigurationPlatforms) = preSolution
		Debug|x64 = Debug|x64
		Debug|x86 = Debug|x86
		Release|x64 = Release|x64
		Release|x86 = Release|x86
	EndGlobalSection
	GlobalSection(ProjectConfigurationPlatforms) = postSolution
		{0EB6ED55-B031-4D30-978F-4F74079B7D0B}.Debug|x64.ActiveCfg = Debug|x64
		{0EB6ED55-B031-4D30-978F-4F74079B7D0B}.Debug|x64.Build.0 = Debug|x64
		{0EB6ED55-B031-4D30-978F-4F74079B7D0B}.Debug|x86.ActiveCfg = Debug|Win32
		{0EB6ED55-B031-4D30-978F-4F74079B7D0B}.Debug|x86.Build.0 = Debug|Win32
		{0EB6ED55-B031-4D30-978F-4F74079B7D0B}.Release|x64.ActiveCfg = Release|x64
		{0EB6ED55-B031-4D30-978F-4F74079B7D0B}.Release|x64.Build.0 = Release|x64
		{0EB6ED55-B031-4D30-978F-4F74079B7D0B}.Release|x86.ActiveCfg = Release|Win32
		{0EB6ED55-B031-4D30-978F-4F74079B7D0B}.Release|x86.Build.0 = Release|Win32
		{609BF540-E344-4C0F-B91F-F9FD487F6F41}.Debug|x64.ActiveCfg = Debug|x64
		{609BF540-E344-4C0F-B91F-F9FD487F6F41}.Debug|x64.Build.0 = Debug|x64
		{609BF540-E344-4C0F-B91F-F9FD487F6F41}.Debug|x86.ActiveCfg = Debug|Win32
		{609BF540-E344-4C0F-B91F-F9FD487F6F41}.Debug|x86.Build.0 = Debug|Win32
		{609BF540-E344-4C0F-B91F-F9FD487F6F41}.Release|x64.ActiveCfg = Release|x64
		{609BF540-E344-4C0F-B91F-F9FD487F6F41}.Release|x64.Build.0 = Release|x64
		{609BF540-E344-4C0F-B91F-F9FD487F6F41}.Release|x86.ActiveCfg = Release|Win32
		{609BF540-E344-4C0F-B91F-F9FD487F6F41}.Release|x86.Build.0 = Release|Win32
	EndGlobalSection
	GlobalSection(SolutionProperties) = preSolution
		HideSolutionNode = FALSE
	EndGlobalSection
	GlobalSection(ExtensibilityGlobals) = postSolution
		SolutionGuid = {C8C76BF2-61A0-4CEC-893B-CC54D585FEA2}
	EndGlobalSection
EndGlobal
